
Microsoft Visual Studio Solution File, Format Version 12.00
# Visual Studio Version 17
VisualStudioVersion = 17.2.32630.192
MinimumVisualStudioVersion = 10.0.40219.1
Project("{FAE04EC0-301F-11D3-BF4B-00C04F79EFBC}") = "Covid19Chart_SignalR", "Covid19Chart_SignalR\Covid19Chart_SignalR.csproj", "{E0B70BB6-4D81-4D0D-AB9A-7F55176D0FBA}"
EndProject
Global
	GlobalSection(SolutionConfigurationPlatforms) = preSolution
		Debug|Any CPU = Debug|Any CPU
		Release|Any CPU = Release|Any CPU
	EndGlobalSection
	GlobalSection(ProjectConfigurationPlatforms) = postSolution
		{E0B70BB6-4D81-4D0D-AB9A-7F55176D0FBA}.Debug|Any CPU.ActiveCfg = Debug|Any CPU
		{E0B70BB6-4D81-4D0D-AB9A-7F55176D0FBA}.Debug|Any CPU.Build.0 = Debug|Any CPU
		{E0B70BB6-4D81-4D0D-AB9A-7F55176D0FBA}.Release|Any CPU.ActiveCfg = Release|Any CPU
		{E0B70BB6-4D81-4D0D-AB9A-7F55176D0FBA}.Release|Any CPU.Build.0 = Release|Any CPU
	EndGlobalSection
	GlobalSection(SolutionProperties) = preSolution
		HideSolutionNode = FALSE
	EndGlobalSection
	GlobalSection(ExtensibilityGlobals) = postSolution
		SolutionGuid = {963F652E-4312-42BB-8E97-C4E3AB8CBDA9}
	EndGlobalSection
EndGlobal
